
Microsoft Visual Studio Solution File, Format Version 12.00
# Visual Studio Version 17
VisualStudioVersion = 17.3.32929.385
MinimumVisualStudioVersion = 10.0.40219.1
Project("{E24C65DC-7377-472B-9ABA-BC803B73C61A}") = "StashAlliance", "StashAlliance\", "{BFC010B3-FE86-449C-A709-84F185067281}"
	ProjectSection(WebsiteProperties) = preProject
		TargetFrameworkMoniker = ".NETFramework,Version%3Dv4.8.1"
		Debug.AspNetCompiler.VirtualPath = "/localhost_56942"
		Debug.AspNetCompiler.PhysicalPath = "StashAlliance\"
		Debug.AspNetCompiler.TargetPath = "PrecompiledWeb\localhost_56942\"
		Debug.AspNetCompiler.Updateable = "true"
		Debug.AspNetCompiler.ForceOverwrite = "true"
		Debug.AspNetCompiler.FixedNames = "false"
		Debug.AspNetCompiler.Debug = "True"
		Release.AspNetCompiler.VirtualPath = "/localhost_56942"
		Release.AspNetCompiler.PhysicalPath = "StashAlliance\"
		Release.AspNetCompiler.TargetPath = "PrecompiledWeb\localhost_56942\"
		Release.AspNetCompiler.Updateable = "true"
		Release.AspNetCompiler.ForceOverwrite = "true"
		Release.AspNetCompiler.FixedNames = "false"
		Release.AspNetCompiler.Debug = "False"
		VWDPort = "56942"
		SlnRelativePath = "StashAlliance\"
		DefaultWebSiteLanguage = "Visual C#"
	EndProjectSection
EndProject
Global
	GlobalSection(SolutionConfigurationPlatforms) = preSolution
		Debug|Any CPU = Debug|Any CPU
	EndGlobalSection
	GlobalSection(ProjectConfigurationPlatforms) = postSolution
		{BFC010B3-FE86-449C-A709-84F185067281}.Debug|Any CPU.ActiveCfg = Debug|Any CPU
		{BFC010B3-FE86-449C-A709-84F185067281}.Debug|Any CPU.Build.0 = Debug|Any CPU
	EndGlobalSection
	GlobalSection(SolutionProperties) = preSolution
		HideSolutionNode = FALSE
	EndGlobalSection
	GlobalSection(ExtensibilityGlobals) = postSolution
		SolutionGuid = {0F1CE19A-5AF5-47CD-B482-A2438003FB80}
	EndGlobalSection
EndGlobal
